// !$*UTF8*$!
{
	archiveVersion = 1;
	classes = {
	};
	objectVersion = 50;
	objects = {

/* Begin PBXBuildFile section */
		0E00DE8625ECD9B7004C0D74 /* FlickrListCollectionCellView.swift in Sources */ = {isa = PBXBuildFile; fileRef = 0E00DE8525ECD9B7004C0D74 /* FlickrListCollectionCellView.swift */; };
		0E00DE8725ECD9B7004C0D74 /* FlickrListCollectionCellView.swift in Sources */ = {isa = PBXBuildFile; fileRef = 0E00DE8525ECD9B7004C0D74 /* FlickrListCollectionCellView.swift */; };
		0E38AB8225EC87D800E3C197 /* FlickrAPIViewModel.swift in Sources */ = {isa = PBXBuildFile; fileRef = 0E38AB8125EC87D800E3C197 /* FlickrAPIViewModel.swift */; };
		0E38AB8325EC87D800E3C197 /* FlickrAPIViewModel.swift in Sources */ = {isa = PBXBuildFile; fileRef = 0E38AB8125EC87D800E3C197 /* FlickrAPIViewModel.swift */; };
		0E38ABA125EC929D00E3C197 /* FlickrListViewModel.swift in Sources */ = {isa = PBXBuildFile; fileRef = 0E38ABA025EC929D00E3C197 /* FlickrListViewModel.swift */; };
		0E38ABA225EC929D00E3C197 /* FlickrListViewModel.swift in Sources */ = {isa = PBXBuildFile; fileRef = 0E38ABA025EC929D00E3C197 /* FlickrListViewModel.swift */; };
		0E38ABA725EC931C00E3C197 /* SectionViewModel.swift in Sources */ = {isa = PBXBuildFile; fileRef = 0E38ABA625EC931C00E3C197 /* SectionViewModel.swift */; };
		0E38ABA825EC931C00E3C197 /* SectionViewModel.swift in Sources */ = {isa = PBXBuildFile; fileRef = 0E38ABA625EC931C00E3C197 /* SectionViewModel.swift */; };
		0E38ABB725EC936700E3C197 /* RowModel.swift in Sources */ = {isa = PBXBuildFile; fileRef = 0E38ABB625EC936700E3C197 /* RowModel.swift */; };
		0E38ABB825EC936700E3C197 /* RowModel.swift in Sources */ = {isa = PBXBuildFile; fileRef = 0E38ABB625EC936700E3C197 /* RowModel.swift */; };
		0E38ABC325EC938600E3C197 /* FlickrPhotoModel.swift in Sources */ = {isa = PBXBuildFile; fileRef = 0E38ABC025EC938600E3C197 /* FlickrPhotoModel.swift */; };
		0E38ABC425EC938600E3C197 /* FlickrPhotoModel.swift in Sources */ = {isa = PBXBuildFile; fileRef = 0E38ABC025EC938600E3C197 /* FlickrPhotoModel.swift */; };
		0E38ABC525EC938600E3C197 /* FlickrPhotoResponse.swift in Sources */ = {isa = PBXBuildFile; fileRef = 0E38ABC125EC938600E3C197 /* FlickrPhotoResponse.swift */; };
		0E38ABC625EC938600E3C197 /* FlickrPhotoResponse.swift in Sources */ = {isa = PBXBuildFile; fileRef = 0E38ABC125EC938600E3C197 /* FlickrPhotoResponse.swift */; };
		0E38ABC725EC938600E3C197 /* FlickerPhotosModel.swift in Sources */ = {isa = PBXBuildFile; fileRef = 0E38ABC225EC938600E3C197 /* FlickerPhotosModel.swift */; };
		0E38ABC825EC938600E3C197 /* FlickerPhotosModel.swift in Sources */ = {isa = PBXBuildFile; fileRef = 0E38ABC225EC938600E3C197 /* FlickerPhotosModel.swift */; };
		0E38ABD025EC941600E3C197 /* SectionModel.swift in Sources */ = {isa = PBXBuildFile; fileRef = 0E38ABCF25EC941600E3C197 /* SectionModel.swift */; };
		0E38ABD125EC941600E3C197 /* SectionModel.swift in Sources */ = {isa = PBXBuildFile; fileRef = 0E38ABCF25EC941600E3C197 /* SectionModel.swift */; };
		0E38ABE025ECAF9D00E3C197 /* FlickrListViewController.swift in Sources */ = {isa = PBXBuildFile; fileRef = 0E38ABDF25ECAF9D00E3C197 /* FlickrListViewController.swift */; };
		0E38ABE125ECAF9D00E3C197 /* FlickrListViewController.swift in Sources */ = {isa = PBXBuildFile; fileRef = 0E38ABDF25ECAF9D00E3C197 /* FlickrListViewController.swift */; };
		0E38ABFE25ECB60C00E3C197 /* RootCoordinator.swift in Sources */ = {isa = PBXBuildFile; fileRef = 0E38ABFD25ECB60C00E3C197 /* RootCoordinator.swift */; };
		0E38ABFF25ECB60C00E3C197 /* RootCoordinator.swift in Sources */ = {isa = PBXBuildFile; fileRef = 0E38ABFD25ECB60C00E3C197 /* RootCoordinator.swift */; };
		0E82CBBA25ED239A004F9D8D /* DownloadImageViewModel.swift in Sources */ = {isa = PBXBuildFile; fileRef = 0E82CBB925ED239A004F9D8D /* DownloadImageViewModel.swift */; };
		0E82CBBB25ED239A004F9D8D /* DownloadImageViewModel.swift in Sources */ = {isa = PBXBuildFile; fileRef = 0E82CBB925ED239A004F9D8D /* DownloadImageViewModel.swift */; };
		0E82CBC825ED2A20004F9D8D /* ImageCachedViewModel.swift in Sources */ = {isa = PBXBuildFile; fileRef = 0E82CBC725ED2A20004F9D8D /* ImageCachedViewModel.swift */; };
		0E82CBC925ED2A20004F9D8D /* ImageCachedViewModel.swift in Sources */ = {isa = PBXBuildFile; fileRef = 0E82CBC725ED2A20004F9D8D /* ImageCachedViewModel.swift */; };
		0EB3074825EE7E630020E03E /* FavoriteViewController.swift in Sources */ = {isa = PBXBuildFile; fileRef = 0EB3074725EE7E630020E03E /* FavoriteViewController.swift */; };
		0EB3074D25EE8A570020E03E /* LocalImageViewModel.swift in Sources */ = {isa = PBXBuildFile; fileRef = 0EB3074C25EE8A570020E03E /* LocalImageViewModel.swift */; };
		0EB3074E25EE8A570020E03E /* LocalImageViewModel.swift in Sources */ = {isa = PBXBuildFile; fileRef = 0EB3074C25EE8A570020E03E /* LocalImageViewModel.swift */; };
		0EB3075325EE8A9C0020E03E /* StorageViewModel.swift in Sources */ = {isa = PBXBuildFile; fileRef = 0EB3075225EE8A9C0020E03E /* StorageViewModel.swift */; };
		0EB3075425EE8A9C0020E03E /* StorageViewModel.swift in Sources */ = {isa = PBXBuildFile; fileRef = 0EB3075225EE8A9C0020E03E /* StorageViewModel.swift */; };
		0EB3075925EE8B750020E03E /* FlickrFavoriteModel.swift in Sources */ = {isa = PBXBuildFile; fileRef = 0EB3075825EE8B750020E03E /* FlickrFavoriteModel.swift */; };
		0EB3075A25EE8B750020E03E /* FlickrFavoriteModel.swift in Sources */ = {isa = PBXBuildFile; fileRef = 0EB3075825EE8B750020E03E /* FlickrFavoriteModel.swift */; };
		0EB3078225EEAB3C0020E03E /* FlickrFavoriteRowModel.swift in Sources */ = {isa = PBXBuildFile; fileRef = 0EB3078125EEAB3C0020E03E /* FlickrFavoriteRowModel.swift */; };
		0EB3078325EEAB3C0020E03E /* FlickrFavoriteRowModel.swift in Sources */ = {isa = PBXBuildFile; fileRef = 0EB3078125EEAB3C0020E03E /* FlickrFavoriteRowModel.swift */; };
		0EE3F5E625EBC9FF003FF9B3 /* AppDelegate.swift in Sources */ = {isa = PBXBuildFile; fileRef = 0EE3F5E525EBC9FF003FF9B3 /* AppDelegate.swift */; };
		0EE3F5E825EBC9FF003FF9B3 /* SceneDelegate.swift in Sources */ = {isa = PBXBuildFile; fileRef = 0EE3F5E725EBC9FF003FF9B3 /* SceneDelegate.swift */; };
		0EE3F5EA25EBC9FF003FF9B3 /* MainViewController.swift in Sources */ = {isa = PBXBuildFile; fileRef = 0EE3F5E925EBC9FF003FF9B3 /* MainViewController.swift */; };
		0EE3F5ED25EBC9FF003FF9B3 /* Main.storyboard in Resources */ = {isa = PBXBuildFile; fileRef = 0EE3F5EB25EBC9FF003FF9B3 /* Main.storyboard */; };
		0EE3F5EF25EBCA00003FF9B3 /* Assets.xcassets in Resources */ = {isa = PBXBuildFile; fileRef = 0EE3F5EE25EBCA00003FF9B3 /* Assets.xcassets */; };
		0EE3F5F225EBCA00003FF9B3 /* LaunchScreen.storyboard in Resources */ = {isa = PBXBuildFile; fileRef = 0EE3F5F025EBCA00003FF9B3 /* LaunchScreen.storyboard */; };
		0EE3F5FD25EBCA01003FF9B3 /* FlickrDemoTests.swift in Sources */ = {isa = PBXBuildFile; fileRef = 0EE3F5FC25EBCA01003FF9B3 /* FlickrDemoTests.swift */; };
		0EE3F60825EBCA01003FF9B3 /* FlickrDemoUITests.swift in Sources */ = {isa = PBXBuildFile; fileRef = 0EE3F60725EBCA01003FF9B3 /* FlickrDemoUITests.swift */; };
		0EE3F64F25EBE964003FF9B3 /* FlickrDemo+ParameterDefine.swift in Sources */ = {isa = PBXBuildFile; fileRef = 0EE3F64E25EBE964003FF9B3 /* FlickrDemo+ParameterDefine.swift */; };
		0EE3F65025EBE964003FF9B3 /* FlickrDemo+ParameterDefine.swift in Sources */ = {isa = PBXBuildFile; fileRef = 0EE3F64E25EBE964003FF9B3 /* FlickrDemo+ParameterDefine.swift */; };
		0EE3F65825EBF1DA003FF9B3 /* FlickrDemo+LocalizedStrings.swift in Sources */ = {isa = PBXBuildFile; fileRef = 0EE3F65725EBF1DA003FF9B3 /* FlickrDemo+LocalizedStrings.swift */; };
		0EE3F65925EBF1DA003FF9B3 /* FlickrDemo+LocalizedStrings.swift in Sources */ = {isa = PBXBuildFile; fileRef = 0EE3F65725EBF1DA003FF9B3 /* FlickrDemo+LocalizedStrings.swift */; };
		0EE3F66225EBF4F3003FF9B3 /* Localizable.strings in Resources */ = {isa = PBXBuildFile; fileRef = 0EE3F65E25EBF4F3003FF9B3 /* Localizable.strings */; };
		0EE3F66325EBF4F3003FF9B3 /* Localizable.strings in Resources */ = {isa = PBXBuildFile; fileRef = 0EE3F65E25EBF4F3003FF9B3 /* Localizable.strings */; };
		4C5B068565480E445DC67C03 /* libPods-FlickrDemo.a in Frameworks */ = {isa = PBXBuildFile; fileRef = 718B9414008C8891A3B4AA2D /* libPods-FlickrDemo.a */; };
		A35AB9F8E7FA5A013C55529A /* libPods-FlickrDemoTests.a in Frameworks */ = {isa = PBXBuildFile; fileRef = D8941044EBB400B024B8C48D /* libPods-FlickrDemoTests.a */; };
		A850BEE00F0A95B3C323EDD1 /* libPods-FlickrDemoUITests.a in Frameworks */ = {isa = PBXBuildFile; fileRef = DBB63A383E2265582645FF7A /* libPods-FlickrDemoUITests.a */; };
/* End PBXBuildFile section */

/* Begin PBXContainerItemProxy section */
		0EE3F5F925EBCA01003FF9B3 /* PBXContainerItemProxy */ = {
			isa = PBXContainerItemProxy;
			containerPortal = 0EE3F5DA25EBC9FF003FF9B3 /* Project object */;
			proxyType = 1;
			remoteGlobalIDString = 0EE3F5E125EBC9FF003FF9B3;
			remoteInfo = FlickrDemo;
		};
		0EE3F60425EBCA01003FF9B3 /* PBXContainerItemProxy */ = {
			isa = PBXContainerItemProxy;
			containerPortal = 0EE3F5DA25EBC9FF003FF9B3 /* Project object */;
			proxyType = 1;
			remoteGlobalIDString = 0EE3F5E125EBC9FF003FF9B3;
			remoteInfo = FlickrDemo;
		};
/* End PBXContainerItemProxy section */

/* Begin PBXFileReference section */
		0E00DE8525ECD9B7004C0D74 /* FlickrListCollectionCellView.swift */ = {isa = PBXFileReference; fileEncoding = 4; lastKnownFileType = sourcecode.swift; path = FlickrListCollectionCellView.swift; sourceTree = "<group>"; };
		0E38AB8125EC87D800E3C197 /* FlickrAPIViewModel.swift */ = {isa = PBXFileReference; fileEncoding = 4; lastKnownFileType = sourcecode.swift; path = FlickrAPIViewModel.swift; sourceTree = "<group>"; };
		0E38ABA025EC929D00E3C197 /* FlickrListViewModel.swift */ = {isa = PBXFileReference; lastKnownFileType = sourcecode.swift; path = FlickrListViewModel.swift; sourceTree = "<group>"; };
		0E38ABA625EC931C00E3C197 /* SectionViewModel.swift */ = {isa = PBXFileReference; lastKnownFileType = sourcecode.swift; path = SectionViewModel.swift; sourceTree = "<group>"; };
		0E38ABB625EC936700E3C197 /* RowModel.swift */ = {isa = PBXFileReference; fileEncoding = 4; lastKnownFileType = sourcecode.swift; path = RowModel.swift; sourceTree = "<group>"; };
		0E38ABC025EC938600E3C197 /* FlickrPhotoModel.swift */ = {isa = PBXFileReference; fileEncoding = 4; lastKnownFileType = sourcecode.swift; path = FlickrPhotoModel.swift; sourceTree = "<group>"; };
		0E38ABC125EC938600E3C197 /* FlickrPhotoResponse.swift */ = {isa = PBXFileReference; fileEncoding = 4; lastKnownFileType = sourcecode.swift; path = FlickrPhotoResponse.swift; sourceTree = "<group>"; };
		0E38ABC225EC938600E3C197 /* FlickerPhotosModel.swift */ = {isa = PBXFileReference; fileEncoding = 4; lastKnownFileType = sourcecode.swift; path = FlickerPhotosModel.swift; sourceTree = "<group>"; };
		0E38ABCF25EC941600E3C197 /* SectionModel.swift */ = {isa = PBXFileReference; lastKnownFileType = sourcecode.swift; path = SectionModel.swift; sourceTree = "<group>"; };
		0E38ABDF25ECAF9D00E3C197 /* FlickrListViewController.swift */ = {isa = PBXFileReference; fileEncoding = 4; lastKnownFileType = sourcecode.swift; path = FlickrListViewController.swift; sourceTree = "<group>"; };
		0E38ABFD25ECB60C00E3C197 /* RootCoordinator.swift */ = {isa = PBXFileReference; fileEncoding = 4; lastKnownFileType = sourcecode.swift; path = RootCoordinator.swift; sourceTree = "<group>"; };
		0E82CBB925ED239A004F9D8D /* DownloadImageViewModel.swift */ = {isa = PBXFileReference; lastKnownFileType = sourcecode.swift; path = DownloadImageViewModel.swift; sourceTree = "<group>"; };
		0E82CBC725ED2A20004F9D8D /* ImageCachedViewModel.swift */ = {isa = PBXFileReference; lastKnownFileType = sourcecode.swift; path = ImageCachedViewModel.swift; sourceTree = "<group>"; };
		0EB3074725EE7E630020E03E /* FavoriteViewController.swift */ = {isa = PBXFileReference; lastKnownFileType = sourcecode.swift; path = FavoriteViewController.swift; sourceTree = "<group>"; };
		0EB3074C25EE8A570020E03E /* LocalImageViewModel.swift */ = {isa = PBXFileReference; lastKnownFileType = sourcecode.swift; path = LocalImageViewModel.swift; sourceTree = "<group>"; };
		0EB3075225EE8A9C0020E03E /* StorageViewModel.swift */ = {isa = PBXFileReference; lastKnownFileType = sourcecode.swift; path = StorageViewModel.swift; sourceTree = "<group>"; };
		0EB3075825EE8B750020E03E /* FlickrFavoriteModel.swift */ = {isa = PBXFileReference; lastKnownFileType = sourcecode.swift; path = FlickrFavoriteModel.swift; sourceTree = "<group>"; };
		0EB3078125EEAB3C0020E03E /* FlickrFavoriteRowModel.swift */ = {isa = PBXFileReference; lastKnownFileType = sourcecode.swift; path = FlickrFavoriteRowModel.swift; sourceTree = "<group>"; };
		0EE3F5E225EBC9FF003FF9B3 /* FlickrDemo.app */ = {isa = PBXFileReference; explicitFileType = wrapper.application; includeInIndex = 0; path = FlickrDemo.app; sourceTree = BUILT_PRODUCTS_DIR; };
		0EE3F5E525EBC9FF003FF9B3 /* AppDelegate.swift */ = {isa = PBXFileReference; lastKnownFileType = sourcecode.swift; path = AppDelegate.swift; sourceTree = "<group>"; };
		0EE3F5E725EBC9FF003FF9B3 /* SceneDelegate.swift */ = {isa = PBXFileReference; lastKnownFileType = sourcecode.swift; path = SceneDelegate.swift; sourceTree = "<group>"; };
		0EE3F5E925EBC9FF003FF9B3 /* MainViewController.swift */ = {isa = PBXFileReference; lastKnownFileType = sourcecode.swift; path = MainViewController.swift; sourceTree = "<group>"; };
		0EE3F5EC25EBC9FF003FF9B3 /* Base */ = {isa = PBXFileReference; lastKnownFileType = file.storyboard; name = Base; path = Base.lproj/Main.storyboard; sourceTree = "<group>"; };
		0EE3F5EE25EBCA00003FF9B3 /* Assets.xcassets */ = {isa = PBXFileReference; lastKnownFileType = folder.assetcatalog; path = Assets.xcassets; sourceTree = "<group>"; };
		0EE3F5F125EBCA00003FF9B3 /* Base */ = {isa = PBXFileReference; lastKnownFileType = file.storyboard; name = Base; path = Base.lproj/LaunchScreen.storyboard; sourceTree = "<group>"; };
		0EE3F5F325EBCA00003FF9B3 /* Info.plist */ = {isa = PBXFileReference; lastKnownFileType = text.plist.xml; path = Info.plist; sourceTree = "<group>"; };
		0EE3F5F825EBCA01003FF9B3 /* FlickrDemoTests.xctest */ = {isa = PBXFileReference; explicitFileType = wrapper.cfbundle; includeInIndex = 0; path = FlickrDemoTests.xctest; sourceTree = BUILT_PRODUCTS_DIR; };
		0EE3F5FC25EBCA01003FF9B3 /* FlickrDemoTests.swift */ = {isa = PBXFileReference; lastKnownFileType = sourcecode.swift; path = FlickrDemoTests.swift; sourceTree = "<group>"; };
		0EE3F5FE25EBCA01003FF9B3 /* Info.plist */ = {isa = PBXFileReference; lastKnownFileType = text.plist.xml; path = Info.plist; sourceTree = "<group>"; };
		0EE3F60325EBCA01003FF9B3 /* FlickrDemoUITests.xctest */ = {isa = PBXFileReference; explicitFileType = wrapper.cfbundle; includeInIndex = 0; path = FlickrDemoUITests.xctest; sourceTree = BUILT_PRODUCTS_DIR; };
		0EE3F60725EBCA01003FF9B3 /* FlickrDemoUITests.swift */ = {isa = PBXFileReference; lastKnownFileType = sourcecode.swift; path = FlickrDemoUITests.swift; sourceTree = "<group>"; };
		0EE3F60925EBCA01003FF9B3 /* Info.plist */ = {isa = PBXFileReference; lastKnownFileType = text.plist.xml; path = Info.plist; sourceTree = "<group>"; };
		0EE3F64E25EBE964003FF9B3 /* FlickrDemo+ParameterDefine.swift */ = {isa = PBXFileReference; fileEncoding = 4; lastKnownFileType = sourcecode.swift; path = "FlickrDemo+ParameterDefine.swift"; sourceTree = "<group>"; };
		0EE3F65725EBF1DA003FF9B3 /* FlickrDemo+LocalizedStrings.swift */ = {isa = PBXFileReference; lastKnownFileType = sourcecode.swift; path = "FlickrDemo+LocalizedStrings.swift"; sourceTree = "<group>"; };
		0EE3F65F25EBF4F3003FF9B3 /* zh-Hans */ = {isa = PBXFileReference; lastKnownFileType = text.plist.strings; name = "zh-Hans"; path = "zh-Hans.lproj/Localizable.strings"; sourceTree = "<group>"; };
		0EE3F66025EBF4F3003FF9B3 /* en */ = {isa = PBXFileReference; lastKnownFileType = text.plist.strings; name = en; path = en.lproj/Localizable.strings; sourceTree = "<group>"; };
		0EE3F66125EBF4F3003FF9B3 /* zh-Hant */ = {isa = PBXFileReference; lastKnownFileType = text.plist.strings; name = "zh-Hant"; path = "zh-Hant.lproj/Localizable.strings"; sourceTree = "<group>"; };
		25732E98BA5A4488BA1DB2E2 /* Pods-FlickrDemoTests.debug.xcconfig */ = {isa = PBXFileReference; includeInIndex = 1; lastKnownFileType = text.xcconfig; name = "Pods-FlickrDemoTests.debug.xcconfig"; path = "Target Support Files/Pods-FlickrDemoTests/Pods-FlickrDemoTests.debug.xcconfig"; sourceTree = "<group>"; };
		3C403596E7FE1C2CC9B34BEA /* Pods-FlickrDemo.debug.xcconfig */ = {isa = PBXFileReference; includeInIndex = 1; lastKnownFileType = text.xcconfig; name = "Pods-FlickrDemo.debug.xcconfig"; path = "Target Support Files/Pods-FlickrDemo/Pods-FlickrDemo.debug.xcconfig"; sourceTree = "<group>"; };
		5FBEF181BB7906F7CB9556AB /* Pods-FlickrDemoUITests.release.xcconfig */ = {isa = PBXFileReference; includeInIndex = 1; lastKnownFileType = text.xcconfig; name = "Pods-FlickrDemoUITests.release.xcconfig"; path = "Target Support Files/Pods-FlickrDemoUITests/Pods-FlickrDemoUITests.release.xcconfig"; sourceTree = "<group>"; };
		66C0881D827AE03D7BB347DD /* Pods-FlickrDemoTests.release.xcconfig */ = {isa = PBXFileReference; includeInIndex = 1; lastKnownFileType = text.xcconfig; name = "Pods-FlickrDemoTests.release.xcconfig"; path = "Target Support Files/Pods-FlickrDemoTests/Pods-FlickrDemoTests.release.xcconfig"; sourceTree = "<group>"; };
		718B9414008C8891A3B4AA2D /* libPods-FlickrDemo.a */ = {isa = PBXFileReference; explicitFileType = archive.ar; includeInIndex = 0; path = "libPods-FlickrDemo.a"; sourceTree = BUILT_PRODUCTS_DIR; };
		CADA1AAEBF585078D0AE3AE1 /* Pods-FlickrDemoUITests.debug.xcconfig */ = {isa = PBXFileReference; includeInIndex = 1; lastKnownFileType = text.xcconfig; name = "Pods-FlickrDemoUITests.debug.xcconfig"; path = "Target Support Files/Pods-FlickrDemoUITests/Pods-FlickrDemoUITests.debug.xcconfig"; sourceTree = "<group>"; };
		D8941044EBB400B024B8C48D /* libPods-FlickrDemoTests.a */ = {isa = PBXFileReference; explicitFileType = archive.ar; includeInIndex = 0; path = "libPods-FlickrDemoTests.a"; sourceTree = BUILT_PRODUCTS_DIR; };
		DBB63A383E2265582645FF7A /* libPods-FlickrDemoUITests.a */ = {isa = PBXFileReference; explicitFileType = archive.ar; includeInIndex = 0; path = "libPods-FlickrDemoUITests.a"; sourceTree = BUILT_PRODUCTS_DIR; };
		FF96CCB6E91B984CDE94AD7C /* Pods-FlickrDemo.release.xcconfig */ = {isa = PBXFileReference; includeInIndex = 1; lastKnownFileType = text.xcconfig; name = "Pods-FlickrDemo.release.xcconfig"; path = "Target Support Files/Pods-FlickrDemo/Pods-FlickrDemo.release.xcconfig"; sourceTree = "<group>"; };
/* End PBXFileReference section */

/* Begin PBXFrameworksBuildPhase section */
		0EE3F5DF25EBC9FF003FF9B3 /* Frameworks */ = {
			isa = PBXFrameworksBuildPhase;
			buildActionMask = 2147483647;
			files = (
				4C5B068565480E445DC67C03 /* libPods-FlickrDemo.a in Frameworks */,
			);
			runOnlyForDeploymentPostprocessing = 0;
		};
		0EE3F5F525EBCA01003FF9B3 /* Frameworks */ = {
			isa = PBXFrameworksBuildPhase;
			buildActionMask = 2147483647;
			files = (
				A35AB9F8E7FA5A013C55529A /* libPods-FlickrDemoTests.a in Frameworks */,
			);
			runOnlyForDeploymentPostprocessing = 0;
		};
		0EE3F60025EBCA01003FF9B3 /* Frameworks */ = {
			isa = PBXFrameworksBuildPhase;
			buildActionMask = 2147483647;
			files = (
				A850BEE00F0A95B3C323EDD1 /* libPods-FlickrDemoUITests.a in Frameworks */,
			);
			runOnlyForDeploymentPostprocessing = 0;
		};
/* End PBXFrameworksBuildPhase section */

/* Begin PBXGroup section */
		0E00DE8425ECD9B7004C0D74 /* View */ = {
			isa = PBXGroup;
			children = (
				0E00DE8525ECD9B7004C0D74 /* FlickrListCollectionCellView.swift */,
			);
			path = View;
			sourceTree = "<group>";
		};
		0E38AB6425EC838800E3C197 /* Model */ = {
			isa = PBXGroup;
			children = (
				0E38ABBF25EC938600E3C197 /* API */,
				0E38ABB525EC936700E3C197 /* Local */,
			);
			path = Model;
			sourceTree = "<group>";
		};
		0E38AB8025EC87D800E3C197 /* ViewModel */ = {
			isa = PBXGroup;
			children = (
				0E38AB8125EC87D800E3C197 /* FlickrAPIViewModel.swift */,
				0E38ABA025EC929D00E3C197 /* FlickrListViewModel.swift */,
				0E38ABA625EC931C00E3C197 /* SectionViewModel.swift */,
				0E82CBB925ED239A004F9D8D /* DownloadImageViewModel.swift */,
				0E82CBC725ED2A20004F9D8D /* ImageCachedViewModel.swift */,
				0EB3074C25EE8A570020E03E /* LocalImageViewModel.swift */,
				0EB3075225EE8A9C0020E03E /* StorageViewModel.swift */,
			);
			path = ViewModel;
			sourceTree = "<group>";
		};
		0E38ABB525EC936700E3C197 /* Local */ = {
			isa = PBXGroup;
			children = (
				0E38ABB625EC936700E3C197 /* RowModel.swift */,
				0E38ABCF25EC941600E3C197 /* SectionModel.swift */,
				0EB3075825EE8B750020E03E /* FlickrFavoriteModel.swift */,
				0EB3078125EEAB3C0020E03E /* FlickrFavoriteRowModel.swift */,
			);
			path = Local;
			sourceTree = "<group>";
		};
		0E38ABBF25EC938600E3C197 /* API */ = {
			isa = PBXGroup;
			children = (
				0E38ABC025EC938600E3C197 /* FlickrPhotoModel.swift */,
				0E38ABC125EC938600E3C197 /* FlickrPhotoResponse.swift */,
				0E38ABC225EC938600E3C197 /* FlickerPhotosModel.swift */,
			);
			path = API;
			sourceTree = "<group>";
		};
		0E38ABDE25ECAF9D00E3C197 /* ViewController */ = {
			isa = PBXGroup;
			children = (
				0E38ABDF25ECAF9D00E3C197 /* FlickrListViewController.swift */,
				0EB3074725EE7E630020E03E /* FavoriteViewController.swift */,
			);
			path = ViewController;
			sourceTree = "<group>";
		};
		0E38ABFC25ECB60C00E3C197 /* Coordinator */ = {
			isa = PBXGroup;
			children = (
				0E38ABFD25ECB60C00E3C197 /* RootCoordinator.swift */,
			);
			path = Coordinator;
			sourceTree = "<group>";
		};
		0EE3F5D925EBC9FF003FF9B3 = {
			isa = PBXGroup;
			children = (
				0EE3F65D25EBF4F3003FF9B3 /* Resources */,
				0EE3F5E425EBC9FF003FF9B3 /* FlickrDemo */,
				0EE3F5FB25EBCA01003FF9B3 /* FlickrDemoTests */,
				0EE3F60625EBCA01003FF9B3 /* FlickrDemoUITests */,
				0EE3F5E325EBC9FF003FF9B3 /* Products */,
				45291DDD00C17A961E2DBC90 /* Pods */,
				DB3E336554895FA333C60B82 /* Frameworks */,
			);
			sourceTree = "<group>";
		};
		0EE3F5E325EBC9FF003FF9B3 /* Products */ = {
			isa = PBXGroup;
			children = (
				0EE3F5E225EBC9FF003FF9B3 /* FlickrDemo.app */,
				0EE3F5F825EBCA01003FF9B3 /* FlickrDemoTests.xctest */,
				0EE3F60325EBCA01003FF9B3 /* FlickrDemoUITests.xctest */,
			);
			name = Products;
			sourceTree = "<group>";
		};
		0EE3F5E425EBC9FF003FF9B3 /* FlickrDemo */ = {
			isa = PBXGroup;
			children = (
				0E00DE8425ECD9B7004C0D74 /* View */,
				0E38ABFC25ECB60C00E3C197 /* Coordinator */,
				0E38ABDE25ECAF9D00E3C197 /* ViewController */,
				0E38AB8025EC87D800E3C197 /* ViewModel */,
				0EE3F64D25EBE964003FF9B3 /* Define */,
				0E38AB6425EC838800E3C197 /* Model */,
				0EE3F5E525EBC9FF003FF9B3 /* AppDelegate.swift */,
				0EE3F5E725EBC9FF003FF9B3 /* SceneDelegate.swift */,
				0EE3F5E925EBC9FF003FF9B3 /* MainViewController.swift */,
				0EE3F5EB25EBC9FF003FF9B3 /* Main.storyboard */,
				0EE3F5EE25EBCA00003FF9B3 /* Assets.xcassets */,
				0EE3F5F025EBCA00003FF9B3 /* LaunchScreen.storyboard */,
				0EE3F5F325EBCA00003FF9B3 /* Info.plist */,
			);
			path = FlickrDemo;
			sourceTree = "<group>";
		};
		0EE3F5FB25EBCA01003FF9B3 /* FlickrDemoTests */ = {
			isa = PBXGroup;
			children = (
				0EE3F5FC25EBCA01003FF9B3 /* FlickrDemoTests.swift */,
				0EE3F5FE25EBCA01003FF9B3 /* Info.plist */,
			);
			path = FlickrDemoTests;
			sourceTree = "<group>";
		};
		0EE3F60625EBCA01003FF9B3 /* FlickrDemoUITests */ = {
			isa = PBXGroup;
			children = (
				0EE3F60725EBCA01003FF9B3 /* FlickrDemoUITests.swift */,
				0EE3F60925EBCA01003FF9B3 /* Info.plist */,
			);
			path = FlickrDemoUITests;
			sourceTree = "<group>";
		};
		0EE3F64D25EBE964003FF9B3 /* Define */ = {
			isa = PBXGroup;
			children = (
				0EE3F64E25EBE964003FF9B3 /* FlickrDemo+ParameterDefine.swift */,
				0EE3F65725EBF1DA003FF9B3 /* FlickrDemo+LocalizedStrings.swift */,
			);
			path = Define;
			sourceTree = "<group>";
		};
		0EE3F65D25EBF4F3003FF9B3 /* Resources */ = {
			isa = PBXGroup;
			children = (
				0EE3F65E25EBF4F3003FF9B3 /* Localizable.strings */,
			);
			path = Resources;
			sourceTree = "<group>";
		};
		45291DDD00C17A961E2DBC90 /* Pods */ = {
			isa = PBXGroup;
			children = (
				3C403596E7FE1C2CC9B34BEA /* Pods-FlickrDemo.debug.xcconfig */,
				FF96CCB6E91B984CDE94AD7C /* Pods-FlickrDemo.release.xcconfig */,
				25732E98BA5A4488BA1DB2E2 /* Pods-FlickrDemoTests.debug.xcconfig */,
				66C0881D827AE03D7BB347DD /* Pods-FlickrDemoTests.release.xcconfig */,
				CADA1AAEBF585078D0AE3AE1 /* Pods-FlickrDemoUITests.debug.xcconfig */,
				5FBEF181BB7906F7CB9556AB /* Pods-FlickrDemoUITests.release.xcconfig */,
			);
			path = Pods;
			sourceTree = "<group>";
		};
		DB3E336554895FA333C60B82 /* Frameworks */ = {
			isa = PBXGroup;
			children = (
				718B9414008C8891A3B4AA2D /* libPods-FlickrDemo.a */,
				D8941044EBB400B024B8C48D /* libPods-FlickrDemoTests.a */,
				DBB63A383E2265582645FF7A /* libPods-FlickrDemoUITests.a */,
			);
			name = Frameworks;
			sourceTree = "<group>";
		};
/* End PBXGroup section */

/* Begin PBXNativeTarget section */
		0EE3F5E125EBC9FF003FF9B3 /* FlickrDemo */ = {
			isa = PBXNativeTarget;
			buildConfigurationList = 0EE3F60C25EBCA01003FF9B3 /* Build configuration list for PBXNativeTarget "FlickrDemo" */;
			buildPhases = (
				E4FE4BA58A8D8C4CA5089744 /* [CP] Check Pods Manifest.lock */,
				0EE3F5DE25EBC9FF003FF9B3 /* Sources */,
				0EE3F5DF25EBC9FF003FF9B3 /* Frameworks */,
				0EE3F5E025EBC9FF003FF9B3 /* Resources */,
			);
			buildRules = (
			);
			dependencies = (
			);
			name = FlickrDemo;
			productName = FlickrDemo;
			productReference = 0EE3F5E225EBC9FF003FF9B3 /* FlickrDemo.app */;
			productType = "com.apple.product-type.application";
		};
		0EE3F5F725EBCA01003FF9B3 /* FlickrDemoTests */ = {
			isa = PBXNativeTarget;
			buildConfigurationList = 0EE3F60F25EBCA01003FF9B3 /* Build configuration list for PBXNativeTarget "FlickrDemoTests" */;
			buildPhases = (
				1900DAF7DCEE49654ADA278D /* [CP] Check Pods Manifest.lock */,
				0EE3F5F425EBCA01003FF9B3 /* Sources */,
				0EE3F5F525EBCA01003FF9B3 /* Frameworks */,
				0EE3F5F625EBCA01003FF9B3 /* Resources */,
			);
			buildRules = (
			);
			dependencies = (
				0EE3F5FA25EBCA01003FF9B3 /* PBXTargetDependency */,
			);
			name = FlickrDemoTests;
			productName = FlickrDemoTests;
			productReference = 0EE3F5F825EBCA01003FF9B3 /* FlickrDemoTests.xctest */;
			productType = "com.apple.product-type.bundle.unit-test";
		};
		0EE3F60225EBCA01003FF9B3 /* FlickrDemoUITests */ = {
			isa = PBXNativeTarget;
			buildConfigurationList = 0EE3F61225EBCA01003FF9B3 /* Build configuration list for PBXNativeTarget "FlickrDemoUITests" */;
			buildPhases = (
				D0CED403C81CDDADCEE55F32 /* [CP] Check Pods Manifest.lock */,
				0EE3F5FF25EBCA01003FF9B3 /* Sources */,
				0EE3F60025EBCA01003FF9B3 /* Frameworks */,
				0EE3F60125EBCA01003FF9B3 /* Resources */,
			);
			buildRules = (
			);
			dependencies = (
				0EE3F60525EBCA01003FF9B3 /* PBXTargetDependency */,
			);
			name = FlickrDemoUITests;
			productName = FlickrDemoUITests;
			productReference = 0EE3F60325EBCA01003FF9B3 /* FlickrDemoUITests.xctest */;
			productType = "com.apple.product-type.bundle.ui-testing";
		};
/* End PBXNativeTarget section */

/* Begin PBXProject section */
		0EE3F5DA25EBC9FF003FF9B3 /* Project object */ = {
			isa = PBXProject;
			attributes = {
				LastSwiftUpdateCheck = 1220;
				LastUpgradeCheck = 1220;
				TargetAttributes = {
					0EE3F5E125EBC9FF003FF9B3 = {
						CreatedOnToolsVersion = 12.2;
					};
					0EE3F5F725EBCA01003FF9B3 = {
						CreatedOnToolsVersion = 12.2;
						TestTargetID = 0EE3F5E125EBC9FF003FF9B3;
					};
					0EE3F60225EBCA01003FF9B3 = {
						CreatedOnToolsVersion = 12.2;
						TestTargetID = 0EE3F5E125EBC9FF003FF9B3;
					};
				};
			};
			buildConfigurationList = 0EE3F5DD25EBC9FF003FF9B3 /* Build configuration list for PBXProject "FlickrDemo" */;
			compatibilityVersion = "Xcode 9.3";
			developmentRegion = en;
			hasScannedForEncodings = 0;
			knownRegions = (
				en,
				Base,
				"zh-Hans",
				"zh-Hant",
			);
			mainGroup = 0EE3F5D925EBC9FF003FF9B3;
			productRefGroup = 0EE3F5E325EBC9FF003FF9B3 /* Products */;
			projectDirPath = "";
			projectRoot = "";
			targets = (
				0EE3F5E125EBC9FF003FF9B3 /* FlickrDemo */,
				0EE3F5F725EBCA01003FF9B3 /* FlickrDemoTests */,
				0EE3F60225EBCA01003FF9B3 /* FlickrDemoUITests */,
			);
		};
/* End PBXProject section */

/* Begin PBXResourcesBuildPhase section */
		0EE3F5E025EBC9FF003FF9B3 /* Resources */ = {
			isa = PBXResourcesBuildPhase;
			buildActionMask = 2147483647;
			files = (
				0EE3F5F225EBCA00003FF9B3 /* LaunchScreen.storyboard in Resources */,
				0EE3F66225EBF4F3003FF9B3 /* Localizable.strings in Resources */,
				0EE3F5EF25EBCA00003FF9B3 /* Assets.xcassets in Resources */,
				0EE3F5ED25EBC9FF003FF9B3 /* Main.storyboard in Resources */,
			);
			runOnlyForDeploymentPostprocessing = 0;
		};
		0EE3F5F625EBCA01003FF9B3 /* Resources */ = {
			isa = PBXResourcesBuildPhase;
			buildActionMask = 2147483647;
			files = (
				0EE3F66325EBF4F3003FF9B3 /* Localizable.strings in Resources */,
			);
			runOnlyForDeploymentPostprocessing = 0;
		};
		0EE3F60125EBCA01003FF9B3 /* Resources */ = {
			isa = PBXResourcesBuildPhase;
			buildActionMask = 2147483647;
			files = (
			);
			runOnlyForDeploymentPostprocessing = 0;
		};
/* End PBXResourcesBuildPhase section */

/* Begin PBXShellScriptBuildPhase section */
		1900DAF7DCEE49654ADA278D /* [CP] Check Pods Manifest.lock */ = {
			isa = PBXShellScriptBuildPhase;
			buildActionMask = 2147483647;
			files = (
			);
			inputFileListPaths = (
			);
			inputPaths = (
				"${PODS_PODFILE_DIR_PATH}/Podfile.lock",
				"${PODS_ROOT}/Manifest.lock",
			);
			name = "[CP] Check Pods Manifest.lock";
			outputFileListPaths = (
			);
			outputPaths = (
				"$(DERIVED_FILE_DIR)/Pods-FlickrDemoTests-checkManifestLockResult.txt",
			);
			runOnlyForDeploymentPostprocessing = 0;
			shellPath = /bin/sh;
			shellScript = "diff \"${PODS_PODFILE_DIR_PATH}/Podfile.lock\" \"${PODS_ROOT}/Manifest.lock\" > /dev/null\nif [ $? != 0 ] ; then\n    # print error to STDERR\n    echo \"error: The sandbox is not in sync with the Podfile.lock. Run 'pod install' or update your CocoaPods installation.\" >&2\n    exit 1\nfi\n# This output is used by Xcode 'outputs' to avoid re-running this script phase.\necho \"SUCCESS\" > \"${SCRIPT_OUTPUT_FILE_0}\"\n";
			showEnvVarsInLog = 0;
		};
		D0CED403C81CDDADCEE55F32 /* [CP] Check Pods Manifest.lock */ = {
			isa = PBXShellScriptBuildPhase;
			buildActionMask = 2147483647;
			files = (
			);
			inputFileListPaths = (
			);
			inputPaths = (
				"${PODS_PODFILE_DIR_PATH}/Podfile.lock",
				"${PODS_ROOT}/Manifest.lock",
			);
			name = "[CP] Check Pods Manifest.lock";
			outputFileListPaths = (
			);
			outputPaths = (
				"$(DERIVED_FILE_DIR)/Pods-FlickrDemoUITests-checkManifestLockResult.txt",
			);
			runOnlyForDeploymentPostprocessing = 0;
			shellPath = /bin/sh;
			shellScript = "diff \"${PODS_PODFILE_DIR_PATH}/Podfile.lock\" \"${PODS_ROOT}/Manifest.lock\" > /dev/null\nif [ $? != 0 ] ; then\n    # print error to STDERR\n    echo \"error: The sandbox is not in sync with the Podfile.lock. Run 'pod install' or update your CocoaPods installation.\" >&2\n    exit 1\nfi\n# This output is used by Xcode 'outputs' to avoid re-running this script phase.\necho \"SUCCESS\" > \"${SCRIPT_OUTPUT_FILE_0}\"\n";
			showEnvVarsInLog = 0;
		};
		E4FE4BA58A8D8C4CA5089744 /* [CP] Check Pods Manifest.lock */ = {
			isa = PBXShellScriptBuildPhase;
			buildActionMask = 2147483647;
			files = (
			);
			inputFileListPaths = (
			);
			inputPaths = (
				"${PODS_PODFILE_DIR_PATH}/Podfile.lock",
				"${PODS_ROOT}/Manifest.lock",
			);
			name = "[CP] Check Pods Manifest.lock";
			outputFileListPaths = (
			);
			outputPaths = (
				"$(DERIVED_FILE_DIR)/Pods-FlickrDemo-checkManifestLockResult.txt",
			);
			runOnlyForDeploymentPostprocessing = 0;
			shellPath = /bin/sh;
			shellScript = "diff \"${PODS_PODFILE_DIR_PATH}/Podfile.lock\" \"${PODS_ROOT}/Manifest.lock\" > /dev/null\nif [ $? != 0 ] ; then\n    # print error to STDERR\n    echo \"error: The sandbox is not in sync with the Podfile.lock. Run 'pod install' or update your CocoaPods installation.\" >&2\n    exit 1\nfi\n# This output is used by Xcode 'outputs' to avoid re-running this script phase.\necho \"SUCCESS\" > \"${SCRIPT_OUTPUT_FILE_0}\"\n";
			showEnvVarsInLog = 0;
		};
/* End PBXShellScriptBuildPhase section */

/* Begin PBXSourcesBuildPhase section */
		0EE3F5DE25EBC9FF003FF9B3 /* Sources */ = {
			isa = PBXSourcesBuildPhase;
			buildActionMask = 2147483647;
			files = (
				0EE3F5EA25EBC9FF003FF9B3 /* MainViewController.swift in Sources */,
				0E38ABD025EC941600E3C197 /* SectionModel.swift in Sources */,
				0E38ABB725EC936700E3C197 /* RowModel.swift in Sources */,
				0EE3F5E625EBC9FF003FF9B3 /* AppDelegate.swift in Sources */,
				0EE3F65825EBF1DA003FF9B3 /* FlickrDemo+LocalizedStrings.swift in Sources */,
				0E38ABA125EC929D00E3C197 /* FlickrListViewModel.swift in Sources */,
				0EB3075325EE8A9C0020E03E /* StorageViewModel.swift in Sources */,
				0EB3075925EE8B750020E03E /* FlickrFavoriteModel.swift in Sources */,
				0E38ABA725EC931C00E3C197 /* SectionViewModel.swift in Sources */,
				0E00DE8625ECD9B7004C0D74 /* FlickrListCollectionCellView.swift in Sources */,
				0E38ABFE25ECB60C00E3C197 /* RootCoordinator.swift in Sources */,
				0E82CBBA25ED239A004F9D8D /* DownloadImageViewModel.swift in Sources */,
				0E38ABC525EC938600E3C197 /* FlickrPhotoResponse.swift in Sources */,
				0E38AB8225EC87D800E3C197 /* FlickrAPIViewModel.swift in Sources */,
				0E38ABE025ECAF9D00E3C197 /* FlickrListViewController.swift in Sources */,
				0E38ABC325EC938600E3C197 /* FlickrPhotoModel.swift in Sources */,
				0EB3074D25EE8A570020E03E /* LocalImageViewModel.swift in Sources */,
				0EB3074825EE7E630020E03E /* FavoriteViewController.swift in Sources */,
				0E38ABC725EC938600E3C197 /* FlickerPhotosModel.swift in Sources */,
				0EB3078225EEAB3C0020E03E /* FlickrFavoriteRowModel.swift in Sources */,
				0EE3F64F25EBE964003FF9B3 /* FlickrDemo+ParameterDefine.swift in Sources */,
				0E82CBC825ED2A20004F9D8D /* ImageCachedViewModel.swift in Sources */,
				0EE3F5E825EBC9FF003FF9B3 /* SceneDelegate.swift in Sources */,
			);
			runOnlyForDeploymentPostprocessing = 0;
		};
		0EE3F5F425EBCA01003FF9B3 /* Sources */ = {
			isa = PBXSourcesBuildPhase;
			buildActionMask = 2147483647;
			files = (
				0EE3F65025EBE964003FF9B3 /* FlickrDemo+ParameterDefine.swift in Sources */,
				0EE3F65925EBF1DA003FF9B3 /* FlickrDemo+LocalizedStrings.swift in Sources */,
				0E38AB8325EC87D800E3C197 /* FlickrAPIViewModel.swift in Sources */,
				0E38ABE125ECAF9D00E3C197 /* FlickrListViewController.swift in Sources */,
				0E38ABC825EC938600E3C197 /* FlickerPhotosModel.swift in Sources */,
				0E38ABC625EC938600E3C197 /* FlickrPhotoResponse.swift in Sources */,
				0E38ABA825EC931C00E3C197 /* SectionViewModel.swift in Sources */,
				0EB3078325EEAB3C0020E03E /* FlickrFavoriteRowModel.swift in Sources */,
				0EB3074E25EE8A570020E03E /* LocalImageViewModel.swift in Sources */,
				0EE3F5FD25EBCA01003FF9B3 /* FlickrDemoTests.swift in Sources */,
				0E38ABB825EC936700E3C197 /* RowModel.swift in Sources */,
				0E00DE8725ECD9B7004C0D74 /* FlickrListCollectionCellView.swift in Sources */,
				0E82CBBB25ED239A004F9D8D /* DownloadImageViewModel.swift in Sources */,
				0EB3075425EE8A9C0020E03E /* StorageViewModel.swift in Sources */,
				0E38ABD125EC941600E3C197 /* SectionModel.swift in Sources */,
				0E82CBC925ED2A20004F9D8D /* ImageCachedViewModel.swift in Sources */,
				0E38ABFF25ECB60C00E3C197 /* RootCoordinator.swift in Sources */,
				0E38ABA225EC929D00E3C197 /* FlickrListViewModel.swift in Sources */,
				0EB3075A25EE8B750020E03E /* FlickrFavoriteModel.swift in Sources */,
				0E38ABC425EC938600E3C197 /* FlickrPhotoModel.swift in Sources */,
			);
			runOnlyForDeploymentPostprocessing = 0;
		};
		0EE3F5FF25EBCA01003FF9B3 /* Sources */ = {
			isa = PBXSourcesBuildPhase;
			buildActionMask = 2147483647;
			files = (
				0EE3F60825EBCA01003FF9B3 /* FlickrDemoUITests.swift in Sources */,
			);
			runOnlyForDeploymentPostprocessing = 0;
		};
/* End PBXSourcesBuildPhase section */

/* Begin PBXTargetDependency section */
		0EE3F5FA25EBCA01003FF9B3 /* PBXTargetDependency */ = {
			isa = PBXTargetDependency;
			target = 0EE3F5E125EBC9FF003FF9B3 /* FlickrDemo */;
			targetProxy = 0EE3F5F925EBCA01003FF9B3 /* PBXContainerItemProxy */;
		};
		0EE3F60525EBCA01003FF9B3 /* PBXTargetDependency */ = {
			isa = PBXTargetDependency;
			target = 0EE3F5E125EBC9FF003FF9B3 /* FlickrDemo */;
			targetProxy = 0EE3F60425EBCA01003FF9B3 /* PBXContainerItemProxy */;
		};
/* End PBXTargetDependency section */

/* Begin PBXVariantGroup section */
		0EE3F5EB25EBC9FF003FF9B3 /* Main.storyboard */ = {
			isa = PBXVariantGroup;
			children = (
				0EE3F5EC25EBC9FF003FF9B3 /* Base */,
			);
			name = Main.storyboard;
			sourceTree = "<group>";
		};
		0EE3F5F025EBCA00003FF9B3 /* LaunchScreen.storyboard */ = {
			isa = PBXVariantGroup;
			children = (
				0EE3F5F125EBCA00003FF9B3 /* Base */,
			);
			name = LaunchScreen.storyboard;
			sourceTree = "<group>";
		};
		0EE3F65E25EBF4F3003FF9B3 /* Localizable.strings */ = {
			isa = PBXVariantGroup;
			children = (
				0EE3F65F25EBF4F3003FF9B3 /* zh-Hans */,
				0EE3F66025EBF4F3003FF9B3 /* en */,
				0EE3F66125EBF4F3003FF9B3 /* zh-Hant */,
			);
			name = Localizable.strings;
			sourceTree = "<group>";
		};
/* End PBXVariantGroup section */

/* Begin XCBuildConfiguration section */
		0EE3F60A25EBCA01003FF9B3 /* Debug */ = {
			isa = XCBuildConfiguration;
			buildSettings = {
				ALWAYS_SEARCH_USER_PATHS = NO;
				CLANG_ANALYZER_NONNULL = YES;
				CLANG_ANALYZER_NUMBER_OBJECT_CONVERSION = YES_AGGRESSIVE;
				CLANG_CXX_LANGUAGE_STANDARD = "gnu++14";
				CLANG_CXX_LIBRARY = "libc++";
				CLANG_ENABLE_MODULES = YES;
				CLANG_ENABLE_OBJC_ARC = YES;
				CLANG_ENABLE_OBJC_WEAK = YES;
				CLANG_WARN_BLOCK_CAPTURE_AUTORELEASING = YES;
				CLANG_WARN_BOOL_CONVERSION = YES;
				CLANG_WARN_COMMA = YES;
				CLANG_WARN_CONSTANT_CONVERSION = YES;
				CLANG_WARN_DEPRECATED_OBJC_IMPLEMENTATIONS = YES;
				CLANG_WARN_DIRECT_OBJC_ISA_USAGE = YES_ERROR;
				CLANG_WARN_DOCUMENTATION_COMMENTS = YES;
				CLANG_WARN_EMPTY_BODY = YES;
				CLANG_WARN_ENUM_CONVERSION = YES;
				CLANG_WARN_INFINITE_RECURSION = YES;
				CLANG_WARN_INT_CONVERSION = YES;
				CLANG_WARN_NON_LITERAL_NULL_CONVERSION = YES;
				CLANG_WARN_OBJC_IMPLICIT_RETAIN_SELF = YES;
				CLANG_WARN_OBJC_LITERAL_CONVERSION = YES;
				CLANG_WARN_OBJC_ROOT_CLASS = YES_ERROR;
				CLANG_WARN_QUOTED_INCLUDE_IN_FRAMEWORK_HEADER = YES;
				CLANG_WARN_RANGE_LOOP_ANALYSIS = YES;
				CLANG_WARN_STRICT_PROTOTYPES = YES;
				CLANG_WARN_SUSPICIOUS_MOVE = YES;
				CLANG_WARN_UNGUARDED_AVAILABILITY = YES_AGGRESSIVE;
				CLANG_WARN_UNREACHABLE_CODE = YES;
				CLANG_WARN__DUPLICATE_METHOD_MATCH = YES;
				COPY_PHASE_STRIP = NO;
				DEBUG_INFORMATION_FORMAT = dwarf;
				ENABLE_STRICT_OBJC_MSGSEND = YES;
				ENABLE_TESTABILITY = YES;
				GCC_C_LANGUAGE_STANDARD = gnu11;
				GCC_DYNAMIC_NO_PIC = NO;
				GCC_NO_COMMON_BLOCKS = YES;
				GCC_OPTIMIZATION_LEVEL = 0;
				GCC_PREPROCESSOR_DEFINITIONS = (
					"DEBUG=1",
					"$(inherited)",
				);
				GCC_WARN_64_TO_32_BIT_CONVERSION = YES;
				GCC_WARN_ABOUT_RETURN_TYPE = YES_ERROR;
				GCC_WARN_UNDECLARED_SELECTOR = YES;
				GCC_WARN_UNINITIALIZED_AUTOS = YES_AGGRESSIVE;
				GCC_WARN_UNUSED_FUNCTION = YES;
				GCC_WARN_UNUSED_VARIABLE = YES;
				IPHONEOS_DEPLOYMENT_TARGET = 14.2;
				MTL_ENABLE_DEBUG_INFO = INCLUDE_SOURCE;
				MTL_FAST_MATH = YES;
				ONLY_ACTIVE_ARCH = YES;
				SDKROOT = iphoneos;
				SWIFT_ACTIVE_COMPILATION_CONDITIONS = DEBUG;
				SWIFT_OPTIMIZATION_LEVEL = "-Onone";
			};
			name = Debug;
		};
		0EE3F60B25EBCA01003FF9B3 /* Release */ = {
			isa = XCBuildConfiguration;
			buildSettings = {
				ALWAYS_SEARCH_USER_PATHS = NO;
				CLANG_ANALYZER_NONNULL = YES;
				CLANG_ANALYZER_NUMBER_OBJECT_CONVERSION = YES_AGGRESSIVE;
				CLANG_CXX_LANGUAGE_STANDARD = "gnu++14";
				CLANG_CXX_LIBRARY = "libc++";
				CLANG_ENABLE_MODULES = YES;
				CLANG_ENABLE_OBJC_ARC = YES;
				CLANG_ENABLE_OBJC_WEAK = YES;
				CLANG_WARN_BLOCK_CAPTURE_AUTORELEASING = YES;
				CLANG_WARN_BOOL_CONVERSION = YES;
				CLANG_WARN_COMMA = YES;
				CLANG_WARN_CONSTANT_CONVERSION = YES;
				CLANG_WARN_DEPRECATED_OBJC_IMPLEMENTATIONS = YES;
				CLANG_WARN_DIRECT_OBJC_ISA_USAGE = YES_ERROR;
				CLANG_WARN_DOCUMENTATION_COMMENTS = YES;
				CLANG_WARN_EMPTY_BODY = YES;
				CLANG_WARN_ENUM_CONVERSION = YES;
				CLANG_WARN_INFINITE_RECURSION = YES;
				CLANG_WARN_INT_CONVERSION = YES;
				CLANG_WARN_NON_LITERAL_NULL_CONVERSION = YES;
				CLANG_WARN_OBJC_IMPLICIT_RETAIN_SELF = YES;
				CLANG_WARN_OBJC_LITERAL_CONVERSION = YES;
				CLANG_WARN_OBJC_ROOT_CLASS = YES_ERROR;
				CLANG_WARN_QUOTED_INCLUDE_IN_FRAMEWORK_HEADER = YES;
				CLANG_WARN_RANGE_LOOP_ANALYSIS = YES;
				CLANG_WARN_STRICT_PROTOTYPES = YES;
				CLANG_WARN_SUSPICIOUS_MOVE = YES;
				CLANG_WARN_UNGUARDED_AVAILABILITY = YES_AGGRESSIVE;
				CLANG_WARN_UNREACHABLE_CODE = YES;
				CLANG_WARN__DUPLICATE_METHOD_MATCH = YES;
				COPY_PHASE_STRIP = NO;
				DEBUG_INFORMATION_FORMAT = "dwarf-with-dsym";
				ENABLE_NS_ASSERTIONS = NO;
				ENABLE_STRICT_OBJC_MSGSEND = YES;
				GCC_C_LANGUAGE_STANDARD = gnu11;
				GCC_NO_COMMON_BLOCKS = YES;
				GCC_WARN_64_TO_32_BIT_CONVERSION = YES;
				GCC_WARN_ABOUT_RETURN_TYPE = YES_ERROR;
				GCC_WARN_UNDECLARED_SELECTOR = YES;
				GCC_WARN_UNINITIALIZED_AUTOS = YES_AGGRESSIVE;
				GCC_WARN_UNUSED_FUNCTION = YES;
				GCC_WARN_UNUSED_VARIABLE = YES;
				IPHONEOS_DEPLOYMENT_TARGET = 14.2;
				MTL_ENABLE_DEBUG_INFO = NO;
				MTL_FAST_MATH = YES;
				SDKROOT = iphoneos;
				SWIFT_COMPILATION_MODE = wholemodule;
				SWIFT_OPTIMIZATION_LEVEL = "-O";
				VALIDATE_PRODUCT = YES;
			};
			name = Release;
		};
		0EE3F60D25EBCA01003FF9B3 /* Debug */ = {
			isa = XCBuildConfiguration;
			baseConfigurationReference = 3C403596E7FE1C2CC9B34BEA /* Pods-FlickrDemo.debug.xcconfig */;
			buildSettings = {
				ASSETCATALOG_COMPILER_APPICON_NAME = AppIcon;
				ASSETCATALOG_COMPILER_GLOBAL_ACCENT_COLOR_NAME = AccentColor;
				CODE_SIGN_STYLE = Automatic;
				INFOPLIST_FILE = FlickrDemo/Info.plist;
				LD_RUNPATH_SEARCH_PATHS = (
					"$(inherited)",
					"@executable_path/Frameworks",
				);
				PRODUCT_BUNDLE_IDENTIFIER = com.hungyi.FlickrDemo;
				PRODUCT_NAME = "$(TARGET_NAME)";
				SWIFT_VERSION = 5.0;
				TARGETED_DEVICE_FAMILY = "1,2";
			};
			name = Debug;
		};
		0EE3F60E25EBCA01003FF9B3 /* Release */ = {
			isa = XCBuildConfiguration;
			baseConfigurationReference = FF96CCB6E91B984CDE94AD7C /* Pods-FlickrDemo.release.xcconfig */;
			buildSettings = {
				ASSETCATALOG_COMPILER_APPICON_NAME = AppIcon;
				ASSETCATALOG_COMPILER_GLOBAL_ACCENT_COLOR_NAME = AccentColor;
				CODE_SIGN_STYLE = Automatic;
				INFOPLIST_FILE = FlickrDemo/Info.plist;
				LD_RUNPATH_SEARCH_PATHS = (
					"$(inherited)",
					"@executable_path/Frameworks",
				);
				PRODUCT_BUNDLE_IDENTIFIER = com.hungyi.FlickrDemo;
				PRODUCT_NAME = "$(TARGET_NAME)";
				SWIFT_VERSION = 5.0;
				TARGETED_DEVICE_FAMILY = "1,2";
			};
			name = Release;
		};
		0EE3F61025EBCA01003FF9B3 /* Debug */ = {
			isa = XCBuildConfiguration;
			baseConfigurationReference = 25732E98BA5A4488BA1DB2E2 /* Pods-FlickrDemoTests.debug.xcconfig */;
			buildSettings = {
				ALWAYS_EMBED_SWIFT_STANDARD_LIBRARIES = YES;
				BUNDLE_LOADER = "$(TEST_HOST)";
				CODE_SIGN_STYLE = Automatic;
				INFOPLIST_FILE = FlickrDemoTests/Info.plist;
				IPHONEOS_DEPLOYMENT_TARGET = 14.2;
				LD_RUNPATH_SEARCH_PATHS = (
					"$(inherited)",
					"@executable_path/Frameworks",
					"@loader_path/Frameworks",
				);
				PRODUCT_BUNDLE_IDENTIFIER = com.hungyi.FlickrDemoTests;
				PRODUCT_NAME = "$(TARGET_NAME)";
				SWIFT_VERSION = 5.0;
				TARGETED_DEVICE_FAMILY = "1,2";
				TEST_HOST = "$(BUILT_PRODUCTS_DIR)/FlickrDemo.app/FlickrDemo";
			};
			name = Debug;
		};
		0EE3F61125EBCA01003FF9B3 /* Release */ = {
			isa = XCBuildConfiguration;
			baseConfigurationReference = 66C0881D827AE03D7BB347DD /* Pods-FlickrDemoTests.release.xcconfig */;
			buildSettings = {
				ALWAYS_EMBED_SWIFT_STANDARD_LIBRARIES = YES;
				BUNDLE_LOADER = "$(TEST_HOST)";
				CODE_SIGN_STYLE = Automatic;
				INFOPLIST_FILE = FlickrDemoTests/Info.plist;
				IPHONEOS_DEPLOYMENT_TARGET = 14.2;
				LD_RUNPATH_SEARCH_PATHS = (
					"$(inherited)",
					"@executable_path/Frameworks",
					"@loader_path/Frameworks",
				);
				PRODUCT_BUNDLE_IDENTIFIER = com.hungyi.FlickrDemoTests;
				PRODUCT_NAME = "$(TARGET_NAME)";
				SWIFT_VERSION = 5.0;
				TARGETED_DEVICE_FAMILY = "1,2";
				TEST_HOST = "$(BUILT_PRODUCTS_DIR)/FlickrDemo.app/FlickrDemo";
			};
			name = Release;
		};
		0EE3F61325EBCA01003FF9B3 /* Debug */ = {
			isa = XCBuildConfiguration;
			baseConfigurationReference = CADA1AAEBF585078D0AE3AE1 /* Pods-FlickrDemoUITests.debug.xcconfig */;
			buildSettings = {
				ALWAYS_EMBED_SWIFT_STANDARD_LIBRARIES = YES;
				CODE_SIGN_STYLE = Automatic;
				INFOPLIST_FILE = FlickrDemoUITests/Info.plist;
				LD_RUNPATH_SEARCH_PATHS = (
					"$(inherited)",
					"@executable_path/Frameworks",
					"@loader_path/Frameworks",
				);
				PRODUCT_BUNDLE_IDENTIFIER = com.hungyi.FlickrDemoUITests;
				PRODUCT_NAME = "$(TARGET_NAME)";
				SWIFT_VERSION = 5.0;
				TARGETED_DEVICE_FAMILY = "1,2";
				TEST_TARGET_NAME = FlickrDemo;
			};
			name = Debug;
		};
		0EE3F61425EBCA01003FF9B3 /* Release */ = {
			isa = XCBuildConfiguration;
			baseConfigurationReference = 5FBEF181BB7906F7CB9556AB /* Pods-FlickrDemoUITests.release.xcconfig */;
			buildSettings = {
				ALWAYS_EMBED_SWIFT_STANDARD_LIBRARIES = YES;
				CODE_SIGN_STYLE = Automatic;
				INFOPLIST_FILE = FlickrDemoUITests/Info.plist;
				LD_RUNPATH_SEARCH_PATHS = (
					"$(inherited)",
					"@executable_path/Frameworks",
					"@loader_path/Frameworks",
				);
				PRODUCT_BUNDLE_IDENTIFIER = com.hungyi.FlickrDemoUITests;
				PRODUCT_NAME = "$(TARGET_NAME)";
				SWIFT_VERSION = 5.0;
				TARGETED_DEVICE_FAMILY = "1,2";
				TEST_TARGET_NAME = FlickrDemo;
			};
			name = Release;
		};
/* End XCBuildConfiguration section */

/* Begin XCConfigurationList section */
		0EE3F5DD25EBC9FF003FF9B3 /* Build configuration list for PBXProject "FlickrDemo" */ = {
			isa = XCConfigurationList;
			buildConfigurations = (
				0EE3F60A25EBCA01003FF9B3 /* Debug */,
				0EE3F60B25EBCA01003FF9B3 /* Release */,
			);
			defaultConfigurationIsVisible = 0;
			defaultConfigurationName = Release;
		};
		0EE3F60C25EBCA01003FF9B3 /* Build configuration list for PBXNativeTarget "FlickrDemo" */ = {
			isa = XCConfigurationList;
			buildConfigurations = (
				0EE3F60D25EBCA01003FF9B3 /* Debug */,
				0EE3F60E25EBCA01003FF9B3 /* Release */,
			);
			defaultConfigurationIsVisible = 0;
			defaultConfigurationName = Release;
		};
		0EE3F60F25EBCA01003FF9B3 /* Build configuration list for PBXNativeTarget "FlickrDemoTests" */ = {
			isa = XCConfigurationList;
			buildConfigurations = (
				0EE3F61025EBCA01003FF9B3 /* Debug */,
				0EE3F61125EBCA01003FF9B3 /* Release */,
			);
			defaultConfigurationIsVisible = 0;
			defaultConfigurationName = Release;
		};
		0EE3F61225EBCA01003FF9B3 /* Build configuration list for PBXNativeTarget "FlickrDemoUITests" */ = {
			isa = XCConfigurationList;
			buildConfigurations = (
				0EE3F61325EBCA01003FF9B3 /* Debug */,
				0EE3F61425EBCA01003FF9B3 /* Release */,
			);
			defaultConfigurationIsVisible = 0;
			defaultConfigurationName = Release;
		};
/* End XCConfigurationList section */
	};
	rootObject = 0EE3F5DA25EBC9FF003FF9B3 /* Project object */;
}
